
Microsoft Visual Studio Solution File, Format Version 12.00
# Visual Studio Version 17
VisualStudioVersion = 17.0.31903.59
MinimumVisualStudioVersion = 10.0.40219.1
Project("{2150E333-8FDC-42A3-9474-1A3956D46DE8}") = "Source", "Source", "{CE4E0123-0552-4E81-83CD-BEBFAD6E1BE7}"
EndProject
Project("{FAE04EC0-301F-11D3-BF4B-00C04F79EFBC}") = "Padutronics.Wpf.Navigation.DependencyInjection", "Source\Padutronics.Wpf.Navigation.DependencyInjection\Padutronics.Wpf.Navigation.DependencyInjection.csproj", "{E6E334C0-C777-4CD4-8FAC-00DE6B2FC449}"
EndProject
Global
	GlobalSection(SolutionConfigurationPlatforms) = preSolution
		Debug|Any CPU = Debug|Any CPU
		Release|Any CPU = Release|Any CPU
	EndGlobalSection
	GlobalSection(SolutionProperties) = preSolution
		HideSolutionNode = FALSE
	EndGlobalSection
	GlobalSection(ProjectConfigurationPlatforms) = postSolution
		{E6E334C0-C777-4CD4-8FAC-00DE6B2FC449}.Debug|Any CPU.ActiveCfg = Debug|Any CPU
		{E6E334C0-C777-4CD4-8FAC-00DE6B2FC449}.Debug|Any CPU.Build.0 = Debug|Any CPU
		{E6E334C0-C777-4CD4-8FAC-00DE6B2FC449}.Release|Any CPU.ActiveCfg = Release|Any CPU
		{E6E334C0-C777-4CD4-8FAC-00DE6B2FC449}.Release|Any CPU.Build.0 = Release|Any CPU
	EndGlobalSection
	GlobalSection(NestedProjects) = preSolution
		{E6E334C0-C777-4CD4-8FAC-00DE6B2FC449} = {CE4E0123-0552-4E81-83CD-BEBFAD6E1BE7}
	EndGlobalSection
EndGlobal
